
Microsoft Visual Studio Solution File, Format Version 12.00
# Visual Studio Version 17
VisualStudioVersion = 17.10.35004.147
MinimumVisualStudioVersion = 10.0.40219.1
Project("{FAE04EC0-301F-11D3-BF4B-00C04F79EFBC}") = "Chinh_QuanLyKho", "Chinh_QuanLyKho.csproj", "{1BBC0802-76BA-4F6A-B06E-E9A8878768ED}"
EndProject
Global
	GlobalSection(SolutionConfigurationPlatforms) = preSolution
		Debug|Any CPU = Debug|Any CPU
		Release|Any CPU = Release|Any CPU
	EndGlobalSection
	GlobalSection(ProjectConfigurationPlatforms) = postSolution
		{1BBC0802-76BA-4F6A-B06E-E9A8878768ED}.Debug|Any CPU.ActiveCfg = Debug|Any CPU
		{1BBC0802-76BA-4F6A-B06E-E9A8878768ED}.Debug|Any CPU.Build.0 = Debug|Any CPU
		{1BBC0802-76BA-4F6A-B06E-E9A8878768ED}.Release|Any CPU.ActiveCfg = Release|Any CPU
		{1BBC0802-76BA-4F6A-B06E-E9A8878768ED}.Release|Any CPU.Build.0 = Release|Any CPU
	EndGlobalSection
	GlobalSection(SolutionProperties) = preSolution
		HideSolutionNode = FALSE
	EndGlobalSection
	GlobalSection(ExtensibilityGlobals) = postSolution
		SolutionGuid = {DB640DBD-7CD7-479C-AF95-4089A33199BE}
	EndGlobalSection
EndGlobal
